// !$*UTF8*$!
{
	archiveVersion = 1;
	classes = {
	};
	objectVersion = 50;
	objects = {

/* Begin PBXBuildFile section */
		17371ED020BB303E0085B993 /* PhotoViewController.swift in Sources */ = {isa = PBXBuildFile; fileRef = 17371ECF20BB303D0085B993 /* PhotoViewController.swift */; };
		1747CAA920B9BA4600BB4218 /* NetworkEngineDataTask.swift in Sources */ = {isa = PBXBuildFile; fileRef = 1747CAA820B9BA4600BB4218 /* NetworkEngineDataTask.swift */; };
		1747CAAB20B9C39900BB4218 /* PhotoUpload.swift in Sources */ = {isa = PBXBuildFile; fileRef = 1747CAAA20B9C39900BB4218 /* PhotoUpload.swift */; };
		1747CAAD20B9C42600BB4218 /* ImgurImage.swift in Sources */ = {isa = PBXBuildFile; fileRef = 1747CAAC20B9C42600BB4218 /* ImgurImage.swift */; };
		1749EC7C20B84B51008C8B3C /* AppDelegate.swift in Sources */ = {isa = PBXBuildFile; fileRef = 1749EC7B20B84B51008C8B3C /* AppDelegate.swift */; };
		1749EC7E20B84B51008C8B3C /* ImgurViewController.swift in Sources */ = {isa = PBXBuildFile; fileRef = 1749EC7D20B84B51008C8B3C /* ImgurViewController.swift */; };
		1749EC8120B84B51008C8B3C /* Main.storyboard in Resources */ = {isa = PBXBuildFile; fileRef = 1749EC7F20B84B51008C8B3C /* Main.storyboard */; };
		1749EC8320B84B52008C8B3C /* Assets.xcassets in Resources */ = {isa = PBXBuildFile; fileRef = 1749EC8220B84B52008C8B3C /* Assets.xcassets */; };
		1749EC8620B84B52008C8B3C /* LaunchScreen.storyboard in Resources */ = {isa = PBXBuildFile; fileRef = 1749EC8420B84B52008C8B3C /* LaunchScreen.storyboard */; };
		1749EC9120B84B52008C8B3C /* ImgurStarterTests.swift in Sources */ = {isa = PBXBuildFile; fileRef = 1749EC9020B84B52008C8B3C /* ImgurStarterTests.swift */; };
		1749EC9C20B84BC6008C8B3C /* ImgurClient.swift in Sources */ = {isa = PBXBuildFile; fileRef = 1749EC9B20B84BC6008C8B3C /* ImgurClient.swift */; };
		17906E5120BBE490008AA37B /* UIViewControllerExtensions.swift in Sources */ = {isa = PBXBuildFile; fileRef = 17906E5020BBE490008AA37B /* UIViewControllerExtensions.swift */; };
		17906E5320BBE60E008AA37B /* SlideupAlertView.swift in Sources */ = {isa = PBXBuildFile; fileRef = 17906E5220BBE60E008AA37B /* SlideupAlertView.swift */; };
		17906E5520BBF6CF008AA37B /* UIColorExtensions.swift in Sources */ = {isa = PBXBuildFile; fileRef = 17906E5420BBF6CF008AA37B /* UIColorExtensions.swift */; };
		1794E5F320B8A00000BC2B28 /* ImgurUser.swift in Sources */ = {isa = PBXBuildFile; fileRef = 1794E5F220B8A00000BC2B28 /* ImgurUser.swift */; };
		17D03D7120BA061A00F7DEF3 /* LoadingView.swift in Sources */ = {isa = PBXBuildFile; fileRef = 17D03D7020BA061A00F7DEF3 /* LoadingView.swift */; };
		17D03D7320BA064400F7DEF3 /* CollectionViewController.swift in Sources */ = {isa = PBXBuildFile; fileRef = 17D03D7220BA064400F7DEF3 /* CollectionViewController.swift */; };
		17D03D7520BA09E300F7DEF3 /* UIViewExtensions.swift in Sources */ = {isa = PBXBuildFile; fileRef = 17D03D7420BA09E300F7DEF3 /* UIViewExtensions.swift */; };
		17D03D7720BA09EF00F7DEF3 /* NSLayoutExtensions.swift in Sources */ = {isa = PBXBuildFile; fileRef = 17D03D7620BA09EF00F7DEF3 /* NSLayoutExtensions.swift */; };
		17D03D7920BA29DE00F7DEF3 /* UIImageExtensions.swift in Sources */ = {isa = PBXBuildFile; fileRef = 17D03D7820BA29DE00F7DEF3 /* UIImageExtensions.swift */; };
		17D03D7B20BA40CA00F7DEF3 /* UploadViewController.swift in Sources */ = {isa = PBXBuildFile; fileRef = 17D03D7A20BA40CA00F7DEF3 /* UploadViewController.swift */; };
		3024A4999E500B12802B09AA /* Pods_ImgurStarterTests.framework in Frameworks */ = {isa = PBXBuildFile; fileRef = 59E6298EAF273CCB6ABF0A03 /* Pods_ImgurStarterTests.framework */; };
		F46132876A8E976BFD5F3A5B /* Pods_ImgurStarter.framework in Frameworks */ = {isa = PBXBuildFile; fileRef = 860A791C552C8D7284F57577 /* Pods_ImgurStarter.framework */; };
/* End PBXBuildFile section */

/* Begin PBXContainerItemProxy section */
		1749EC8D20B84B52008C8B3C /* PBXContainerItemProxy */ = {
			isa = PBXContainerItemProxy;
			containerPortal = 1749EC7020B84B51008C8B3C /* Project object */;
			proxyType = 1;
			remoteGlobalIDString = 1749EC7720B84B51008C8B3C;
			remoteInfo = ImgurStarter;
		};
/* End PBXContainerItemProxy section */

/* Begin PBXFileReference section */
		02C942A00478731364EEA871 /* Pods-ImgurStarterTests.release.xcconfig */ = {isa = PBXFileReference; includeInIndex = 1; lastKnownFileType = text.xcconfig; name = "Pods-ImgurStarterTests.release.xcconfig"; path = "Pods/Target Support Files/Pods-ImgurStarterTests/Pods-ImgurStarterTests.release.xcconfig"; sourceTree = "<group>"; };
		17371ECF20BB303D0085B993 /* PhotoViewController.swift */ = {isa = PBXFileReference; fileEncoding = 4; lastKnownFileType = sourcecode.swift; path = PhotoViewController.swift; sourceTree = "<group>"; };
		1747CAA820B9BA4600BB4218 /* NetworkEngineDataTask.swift */ = {isa = PBXFileReference; lastKnownFileType = sourcecode.swift; path = NetworkEngineDataTask.swift; sourceTree = "<group>"; };
		1747CAAA20B9C39900BB4218 /* PhotoUpload.swift */ = {isa = PBXFileReference; lastKnownFileType = sourcecode.swift; path = PhotoUpload.swift; sourceTree = "<group>"; };
		1747CAAC20B9C42600BB4218 /* ImgurImage.swift */ = {isa = PBXFileReference; lastKnownFileType = sourcecode.swift; path = ImgurImage.swift; sourceTree = "<group>"; };
		1749EC7820B84B51008C8B3C /* ImgurStarter.app */ = {isa = PBXFileReference; explicitFileType = wrapper.application; includeInIndex = 0; path = ImgurStarter.app; sourceTree = BUILT_PRODUCTS_DIR; };
		1749EC7B20B84B51008C8B3C /* AppDelegate.swift */ = {isa = PBXFileReference; lastKnownFileType = sourcecode.swift; path = AppDelegate.swift; sourceTree = "<group>"; };
		1749EC7D20B84B51008C8B3C /* ImgurViewController.swift */ = {isa = PBXFileReference; lastKnownFileType = sourcecode.swift; path = ImgurViewController.swift; sourceTree = "<group>"; };
		1749EC8020B84B51008C8B3C /* Base */ = {isa = PBXFileReference; lastKnownFileType = file.storyboard; name = Base; path = Base.lproj/Main.storyboard; sourceTree = "<group>"; };
		1749EC8220B84B52008C8B3C /* Assets.xcassets */ = {isa = PBXFileReference; lastKnownFileType = folder.assetcatalog; path = Assets.xcassets; sourceTree = "<group>"; };
		1749EC8520B84B52008C8B3C /* Base */ = {isa = PBXFileReference; lastKnownFileType = file.storyboard; name = Base; path = Base.lproj/LaunchScreen.storyboard; sourceTree = "<group>"; };
		1749EC8720B84B52008C8B3C /* Info.plist */ = {isa = PBXFileReference; lastKnownFileType = text.plist.xml; path = Info.plist; sourceTree = "<group>"; };
		1749EC8C20B84B52008C8B3C /* ImgurStarterTests.xctest */ = {isa = PBXFileReference; explicitFileType = wrapper.cfbundle; includeInIndex = 0; path = ImgurStarterTests.xctest; sourceTree = BUILT_PRODUCTS_DIR; };
		1749EC9020B84B52008C8B3C /* ImgurStarterTests.swift */ = {isa = PBXFileReference; lastKnownFileType = sourcecode.swift; path = ImgurStarterTests.swift; sourceTree = "<group>"; };
		1749EC9220B84B52008C8B3C /* Info.plist */ = {isa = PBXFileReference; lastKnownFileType = text.plist.xml; path = Info.plist; sourceTree = "<group>"; };
		1749EC9B20B84BC6008C8B3C /* ImgurClient.swift */ = {isa = PBXFileReference; lastKnownFileType = sourcecode.swift; path = ImgurClient.swift; sourceTree = "<group>"; };
		17906E5020BBE490008AA37B /* UIViewControllerExtensions.swift */ = {isa = PBXFileReference; lastKnownFileType = sourcecode.swift; path = UIViewControllerExtensions.swift; sourceTree = "<group>"; };
		17906E5220BBE60E008AA37B /* SlideupAlertView.swift */ = {isa = PBXFileReference; lastKnownFileType = sourcecode.swift; path = SlideupAlertView.swift; sourceTree = "<group>"; };
		17906E5420BBF6CF008AA37B /* UIColorExtensions.swift */ = {isa = PBXFileReference; fileEncoding = 4; lastKnownFileType = sourcecode.swift; path = UIColorExtensions.swift; sourceTree = "<group>"; };
		1794E5F220B8A00000BC2B28 /* ImgurUser.swift */ = {isa = PBXFileReference; lastKnownFileType = sourcecode.swift; path = ImgurUser.swift; sourceTree = "<group>"; };
		17D03D7020BA061A00F7DEF3 /* LoadingView.swift */ = {isa = PBXFileReference; fileEncoding = 4; lastKnownFileType = sourcecode.swift; path = LoadingView.swift; sourceTree = "<group>"; };
		17D03D7220BA064400F7DEF3 /* CollectionViewController.swift */ = {isa = PBXFileReference; fileEncoding = 4; lastKnownFileType = sourcecode.swift; path = CollectionViewController.swift; sourceTree = "<group>"; };
		17D03D7420BA09E300F7DEF3 /* UIViewExtensions.swift */ = {isa = PBXFileReference; fileEncoding = 4; lastKnownFileType = sourcecode.swift; path = UIViewExtensions.swift; sourceTree = "<group>"; };
		17D03D7620BA09EF00F7DEF3 /* NSLayoutExtensions.swift */ = {isa = PBXFileReference; fileEncoding = 4; lastKnownFileType = sourcecode.swift; path = NSLayoutExtensions.swift; sourceTree = "<group>"; };
		17D03D7820BA29DE00F7DEF3 /* UIImageExtensions.swift */ = {isa = PBXFileReference; fileEncoding = 4; lastKnownFileType = sourcecode.swift; path = UIImageExtensions.swift; sourceTree = "<group>"; };
		17D03D7A20BA40CA00F7DEF3 /* UploadViewController.swift */ = {isa = PBXFileReference; lastKnownFileType = sourcecode.swift; path = UploadViewController.swift; sourceTree = "<group>"; };
		39D4DE86DFE20C1A1A806D8F /* Pods-ImgurStarterTests.debug.xcconfig */ = {isa = PBXFileReference; includeInIndex = 1; lastKnownFileType = text.xcconfig; name = "Pods-ImgurStarterTests.debug.xcconfig"; path = "Pods/Target Support Files/Pods-ImgurStarterTests/Pods-ImgurStarterTests.debug.xcconfig"; sourceTree = "<group>"; };
		3A24EF17721850EDE9328603 /* Pods-ImgurStarter.debug.xcconfig */ = {isa = PBXFileReference; includeInIndex = 1; lastKnownFileType = text.xcconfig; name = "Pods-ImgurStarter.debug.xcconfig"; path = "Pods/Target Support Files/Pods-ImgurStarter/Pods-ImgurStarter.debug.xcconfig"; sourceTree = "<group>"; };
		59E6298EAF273CCB6ABF0A03 /* Pods_ImgurStarterTests.framework */ = {isa = PBXFileReference; explicitFileType = wrapper.framework; includeInIndex = 0; path = Pods_ImgurStarterTests.framework; sourceTree = BUILT_PRODUCTS_DIR; };
		860A791C552C8D7284F57577 /* Pods_ImgurStarter.framework */ = {isa = PBXFileReference; explicitFileType = wrapper.framework; includeInIndex = 0; path = Pods_ImgurStarter.framework; sourceTree = BUILT_PRODUCTS_DIR; };
		F491C11473D3E2D67E6354D7 /* Pods-ImgurStarter.release.xcconfig */ = {isa = PBXFileReference; includeInIndex = 1; lastKnownFileType = text.xcconfig; name = "Pods-ImgurStarter.release.xcconfig"; path = "Pods/Target Support Files/Pods-ImgurStarter/Pods-ImgurStarter.release.xcconfig"; sourceTree = "<group>"; };
/* End PBXFileReference section */

/* Begin PBXFrameworksBuildPhase section */
		1749EC7520B84B51008C8B3C /* Frameworks */ = {
			isa = PBXFrameworksBuildPhase;
			buildActionMask = 2147483647;
			files = (
				F46132876A8E976BFD5F3A5B /* Pods_ImgurStarter.framework in Frameworks */,
			);
			runOnlyForDeploymentPostprocessing = 0;
		};
		1749EC8920B84B52008C8B3C /* Frameworks */ = {
			isa = PBXFrameworksBuildPhase;
			buildActionMask = 2147483647;
			files = (
				3024A4999E500B12802B09AA /* Pods_ImgurStarterTests.framework in Frameworks */,
			);
			runOnlyForDeploymentPostprocessing = 0;
		};
/* End PBXFrameworksBuildPhase section */

/* Begin PBXGroup section */
		1686A7075CF381D3FD635FA3 /* Pods */ = {
			isa = PBXGroup;
			children = (
				3A24EF17721850EDE9328603 /* Pods-ImgurStarter.debug.xcconfig */,
				F491C11473D3E2D67E6354D7 /* Pods-ImgurStarter.release.xcconfig */,
				39D4DE86DFE20C1A1A806D8F /* Pods-ImgurStarterTests.debug.xcconfig */,
				02C942A00478731364EEA871 /* Pods-ImgurStarterTests.release.xcconfig */,
			);
			name = Pods;
			sourceTree = "<group>";
		};
		17371EC920BB2F330085B993 /* ViewControllers */ = {
			isa = PBXGroup;
			children = (
				1749EC7D20B84B51008C8B3C /* ImgurViewController.swift */,
				17D03D7220BA064400F7DEF3 /* CollectionViewController.swift */,
				17D03D7A20BA40CA00F7DEF3 /* UploadViewController.swift */,
				17371ECF20BB303D0085B993 /* PhotoViewController.swift */,
			);
			path = ViewControllers;
			sourceTree = "<group>";
		};
		17371ECA20BB2F6D0085B993 /* Models */ = {
			isa = PBXGroup;
			children = (
				1747CAAA20B9C39900BB4218 /* PhotoUpload.swift */,
				1747CAAC20B9C42600BB4218 /* ImgurImage.swift */,
				1794E5F220B8A00000BC2B28 /* ImgurUser.swift */,
			);
			path = Models;
			sourceTree = "<group>";
		};
		17371ECB20BB2F890085B993 /* Views */ = {
			isa = PBXGroup;
			children = (
				17D03D7020BA061A00F7DEF3 /* LoadingView.swift */,
				17906E5220BBE60E008AA37B /* SlideupAlertView.swift */,
			);
			path = Views;
			sourceTree = "<group>";
		};
		17371ECC20BB2FA50085B993 /* Extensions */ = {
			isa = PBXGroup;
			children = (
				17D03D7420BA09E300F7DEF3 /* UIViewExtensions.swift */,
				17906E5020BBE490008AA37B /* UIViewControllerExtensions.swift */,
				17D03D7620BA09EF00F7DEF3 /* NSLayoutExtensions.swift */,
				17D03D7820BA29DE00F7DEF3 /* UIImageExtensions.swift */,
				17906E5420BBF6CF008AA37B /* UIColorExtensions.swift */,
			);
			path = Extensions;
			sourceTree = "<group>";
		};
		17371ECD20BB2FCC0085B993 /* APIClients */ = {
			isa = PBXGroup;
			children = (
				1749EC9B20B84BC6008C8B3C /* ImgurClient.swift */,
			);
			path = APIClients;
			sourceTree = "<group>";
		};
		17371ECE20BB2FD70085B993 /* NetworkEngine */ = {
			isa = PBXGroup;
			children = (
				1747CAA820B9BA4600BB4218 /* NetworkEngineDataTask.swift */,
			);
			path = NetworkEngine;
			sourceTree = "<group>";
		};
		1749EC6F20B84B51008C8B3C = {
			isa = PBXGroup;
			children = (
				1749EC7A20B84B51008C8B3C /* ImgurStarter */,
				1749EC8F20B84B52008C8B3C /* ImgurStarterTests */,
				1749EC7920B84B51008C8B3C /* Products */,
				1686A7075CF381D3FD635FA3 /* Pods */,
				72F97A70BF6FACEC425158BA /* Frameworks */,
			);
			sourceTree = "<group>";
		};
		1749EC7920B84B51008C8B3C /* Products */ = {
			isa = PBXGroup;
			children = (
				1749EC7820B84B51008C8B3C /* ImgurStarter.app */,
				1749EC8C20B84B52008C8B3C /* ImgurStarterTests.xctest */,
			);
			name = Products;
			sourceTree = "<group>";
		};
		1749EC7A20B84B51008C8B3C /* ImgurStarter */ = {
			isa = PBXGroup;
			children = (
				1749EC8220B84B52008C8B3C /* Assets.xcassets */,
				1749EC7B20B84B51008C8B3C /* AppDelegate.swift */,
				17371ECA20BB2F6D0085B993 /* Models */,
				17371ECB20BB2F890085B993 /* Views */,
				17371EC920BB2F330085B993 /* ViewControllers */,
				17371ECD20BB2FCC0085B993 /* APIClients */,
				17371ECE20BB2FD70085B993 /* NetworkEngine */,
				17371ECC20BB2FA50085B993 /* Extensions */,
				1749EC8420B84B52008C8B3C /* LaunchScreen.storyboard */,
				1749EC7F20B84B51008C8B3C /* Main.storyboard */,
				1749EC8720B84B52008C8B3C /* Info.plist */,
			);
			path = ImgurStarter;
			sourceTree = "<group>";
		};
		1749EC8F20B84B52008C8B3C /* ImgurStarterTests */ = {
			isa = PBXGroup;
			children = (
				1749EC9020B84B52008C8B3C /* ImgurStarterTests.swift */,
				1749EC9220B84B52008C8B3C /* Info.plist */,
			);
			path = ImgurStarterTests;
			sourceTree = "<group>";
		};
		72F97A70BF6FACEC425158BA /* Frameworks */ = {
			isa = PBXGroup;
			children = (
				860A791C552C8D7284F57577 /* Pods_ImgurStarter.framework */,
				59E6298EAF273CCB6ABF0A03 /* Pods_ImgurStarterTests.framework */,
			);
			name = Frameworks;
			sourceTree = "<group>";
		};
/* End PBXGroup section */

/* Begin PBXNativeTarget section */
		1749EC7720B84B51008C8B3C /* ImgurStarter */ = {
			isa = PBXNativeTarget;
			buildConfigurationList = 1749EC9520B84B52008C8B3C /* Build configuration list for PBXNativeTarget "ImgurStarter" */;
			buildPhases = (
				79D40C743B0B300A91884542 /* [CP] Check Pods Manifest.lock */,
				1749EC7420B84B51008C8B3C /* Sources */,
				1749EC7520B84B51008C8B3C /* Frameworks */,
				1749EC7620B84B51008C8B3C /* Resources */,
				8DEB8C2F478BF06655980332 /* [CP] Embed Pods Frameworks */,
			);
			buildRules = (
			);
			dependencies = (
			);
			name = ImgurStarter;
			productName = ImgurStarter;
			productReference = 1749EC7820B84B51008C8B3C /* ImgurStarter.app */;
			productType = "com.apple.product-type.application";
		};
		1749EC8B20B84B52008C8B3C /* ImgurStarterTests */ = {
			isa = PBXNativeTarget;
			buildConfigurationList = 1749EC9820B84B52008C8B3C /* Build configuration list for PBXNativeTarget "ImgurStarterTests" */;
			buildPhases = (
				8273D760FE2E2819A9F92325 /* [CP] Check Pods Manifest.lock */,
				1749EC8820B84B52008C8B3C /* Sources */,
				1749EC8920B84B52008C8B3C /* Frameworks */,
				1749EC8A20B84B52008C8B3C /* Resources */,
			);
			buildRules = (
			);
			dependencies = (
				1749EC8E20B84B52008C8B3C /* PBXTargetDependency */,
			);
			name = ImgurStarterTests;
			productName = ImgurStarterTests;
			productReference = 1749EC8C20B84B52008C8B3C /* ImgurStarterTests.xctest */;
			productType = "com.apple.product-type.bundle.unit-test";
		};
/* End PBXNativeTarget section */

/* Begin PBXProject section */
		1749EC7020B84B51008C8B3C /* Project object */ = {
			isa = PBXProject;
			attributes = {
				LastSwiftUpdateCheck = 0930;
				LastUpgradeCheck = 0930;
				ORGANIZATIONNAME = "Wildcat Productions";
				TargetAttributes = {
					1749EC7720B84B51008C8B3C = {
						CreatedOnToolsVersion = 9.3.1;
						LastSwiftMigration = 1010;
					};
					1749EC8B20B84B52008C8B3C = {
						CreatedOnToolsVersion = 9.3.1;
						LastSwiftMigration = 1010;
						TestTargetID = 1749EC7720B84B51008C8B3C;
					};
				};
			};
			buildConfigurationList = 1749EC7320B84B51008C8B3C /* Build configuration list for PBXProject "ImgurStarter" */;
			compatibilityVersion = "Xcode 9.3";
			developmentRegion = en;
			hasScannedForEncodings = 0;
			knownRegions = (
				en,
				Base,
			);
			mainGroup = 1749EC6F20B84B51008C8B3C;
			productRefGroup = 1749EC7920B84B51008C8B3C /* Products */;
			projectDirPath = "";
			projectRoot = "";
			targets = (
				1749EC7720B84B51008C8B3C /* ImgurStarter */,
				1749EC8B20B84B52008C8B3C /* ImgurStarterTests */,
			);
		};
/* End PBXProject section */

/* Begin PBXResourcesBuildPhase section */
		1749EC7620B84B51008C8B3C /* Resources */ = {
			isa = PBXResourcesBuildPhase;
			buildActionMask = 2147483647;
			files = (
				1749EC8620B84B52008C8B3C /* LaunchScreen.storyboard in Resources */,
				1749EC8320B84B52008C8B3C /* Assets.xcassets in Resources */,
				1749EC8120B84B51008C8B3C /* Main.storyboard in Resources */,
			);
			runOnlyForDeploymentPostprocessing = 0;
		};
		1749EC8A20B84B52008C8B3C /* Resources */ = {
			isa = PBXResourcesBuildPhase;
			buildActionMask = 2147483647;
			files = (
			);
			runOnlyForDeploymentPostprocessing = 0;
		};
/* End PBXResourcesBuildPhase section */

/* Begin PBXShellScriptBuildPhase section */
		79D40C743B0B300A91884542 /* [CP] Check Pods Manifest.lock */ = {
			isa = PBXShellScriptBuildPhase;
			buildActionMask = 2147483647;
			files = (
			);
			inputPaths = (
				"${PODS_PODFILE_DIR_PATH}/Podfile.lock",
				"${PODS_ROOT}/Manifest.lock",
			);
			name = "[CP] Check Pods Manifest.lock";
			outputPaths = (
				"$(DERIVED_FILE_DIR)/Pods-ImgurStarter-checkManifestLockResult.txt",
			);
			runOnlyForDeploymentPostprocessing = 0;
			shellPath = /bin/sh;
			shellScript = "diff \"${PODS_PODFILE_DIR_PATH}/Podfile.lock\" \"${PODS_ROOT}/Manifest.lock\" > /dev/null\nif [ $? != 0 ] ; then\n    # print error to STDERR\n    echo \"error: The sandbox is not in sync with the Podfile.lock. Run 'pod install' or update your CocoaPods installation.\" >&2\n    exit 1\nfi\n# This output is used by Xcode 'outputs' to avoid re-running this script phase.\necho \"SUCCESS\" > \"${SCRIPT_OUTPUT_FILE_0}\"\n";
			showEnvVarsInLog = 0;
		};
		8273D760FE2E2819A9F92325 /* [CP] Check Pods Manifest.lock */ = {
			isa = PBXShellScriptBuildPhase;
			buildActionMask = 2147483647;
			files = (
			);
			inputPaths = (
				"${PODS_PODFILE_DIR_PATH}/Podfile.lock",
				"${PODS_ROOT}/Manifest.lock",
			);
			name = "[CP] Check Pods Manifest.lock";
			outputPaths = (
				"$(DERIVED_FILE_DIR)/Pods-ImgurStarterTests-checkManifestLockResult.txt",
			);
			runOnlyForDeploymentPostprocessing = 0;
			shellPath = /bin/sh;
			shellScript = "diff \"${PODS_PODFILE_DIR_PATH}/Podfile.lock\" \"${PODS_ROOT}/Manifest.lock\" > /dev/null\nif [ $? != 0 ] ; then\n    # print error to STDERR\n    echo \"error: The sandbox is not in sync with the Podfile.lock. Run 'pod install' or update your CocoaPods installation.\" >&2\n    exit 1\nfi\n# This output is used by Xcode 'outputs' to avoid re-running this script phase.\necho \"SUCCESS\" > \"${SCRIPT_OUTPUT_FILE_0}\"\n";
			showEnvVarsInLog = 0;
		};
		8DEB8C2F478BF06655980332 /* [CP] Embed Pods Frameworks */ = {
			isa = PBXShellScriptBuildPhase;
			buildActionMask = 2147483647;
			files = (
			);
			inputPaths = (
				"${SRCROOT}/Pods/Target Support Files/Pods-ImgurStarter/Pods-ImgurStarter-frameworks.sh",
				"${BUILT_PRODUCTS_DIR}/KeychainSwift/KeychainSwift.framework",
				"${BUILT_PRODUCTS_DIR}/ReachabilitySwift/Reachability.framework",
			);
			name = "[CP] Embed Pods Frameworks";
			outputPaths = (
				"${TARGET_BUILD_DIR}/${FRAMEWORKS_FOLDER_PATH}/KeychainSwift.framework",
				"${TARGET_BUILD_DIR}/${FRAMEWORKS_FOLDER_PATH}/Reachability.framework",
			);
			runOnlyForDeploymentPostprocessing = 0;
			shellPath = /bin/sh;
			shellScript = "\"${SRCROOT}/Pods/Target Support Files/Pods-ImgurStarter/Pods-ImgurStarter-frameworks.sh\"\n";
			showEnvVarsInLog = 0;
		};
/* End PBXShellScriptBuildPhase section */

/* Begin PBXSourcesBuildPhase section */
		1749EC7420B84B51008C8B3C /* Sources */ = {
			isa = PBXSourcesBuildPhase;
			buildActionMask = 2147483647;
			files = (
				17906E5120BBE490008AA37B /* UIViewControllerExtensions.swift in Sources */,
				17D03D7B20BA40CA00F7DEF3 /* UploadViewController.swift in Sources */,
				17D03D7320BA064400F7DEF3 /* CollectionViewController.swift in Sources */,
				1749EC7E20B84B51008C8B3C /* ImgurViewController.swift in Sources */,
				17D03D7720BA09EF00F7DEF3 /* NSLayoutExtensions.swift in Sources */,
				17D03D7920BA29DE00F7DEF3 /* UIImageExtensions.swift in Sources */,
				1747CAAB20B9C39900BB4218 /* PhotoUpload.swift in Sources */,
				17906E5320BBE60E008AA37B /* SlideupAlertView.swift in Sources */,
				1747CAA920B9BA4600BB4218 /* NetworkEngineDataTask.swift in Sources */,
				17906E5520BBF6CF008AA37B /* UIColorExtensions.swift in Sources */,
				1794E5F320B8A00000BC2B28 /* ImgurUser.swift in Sources */,
				1749EC9C20B84BC6008C8B3C /* ImgurClient.swift in Sources */,
				17D03D7520BA09E300F7DEF3 /* UIViewExtensions.swift in Sources */,
				17D03D7120BA061A00F7DEF3 /* LoadingView.swift in Sources */,
				17371ED020BB303E0085B993 /* PhotoViewController.swift in Sources */,
				1747CAAD20B9C42600BB4218 /* ImgurImage.swift in Sources */,
				1749EC7C20B84B51008C8B3C /* AppDelegate.swift in Sources */,
			);
			runOnlyForDeploymentPostprocessing = 0;
		};
		1749EC8820B84B52008C8B3C /* Sources */ = {
			isa = PBXSourcesBuildPhase;
			buildActionMask = 2147483647;
			files = (
				1749EC9120B84B52008C8B3C /* ImgurStarterTests.swift in Sources */,
			);
			runOnlyForDeploymentPostprocessing = 0;
		};
/* End PBXSourcesBuildPhase section */

/* Begin PBXTargetDependency section */
		1749EC8E20B84B52008C8B3C /* PBXTargetDependency */ = {
			isa = PBXTargetDependency;
			target = 1749EC7720B84B51008C8B3C /* ImgurStarter */;
			targetProxy = 1749EC8D20B84B52008C8B3C /* PBXContainerItemProxy */;
		};
/* End PBXTargetDependency section */

/* Begin PBXVariantGroup section */
		1749EC7F20B84B51008C8B3C /* Main.storyboard */ = {
			isa = PBXVariantGroup;
			children = (
				1749EC8020B84B51008C8B3C /* Base */,
			);
			name = Main.storyboard;
			sourceTree = "<group>";
		};
		1749EC8420B84B52008C8B3C /* LaunchScreen.storyboard */ = {
			isa = PBXVariantGroup;
			children = (
				1749EC8520B84B52008C8B3C /* Base */,
			);
			name = LaunchScreen.storyboard;
			sourceTree = "<group>";
		};
/* End PBXVariantGroup section */

/* Begin XCBuildConfiguration section */
		1749EC9320B84B52008C8B3C /* Debug */ = {
			isa = XCBuildConfiguration;
			buildSettings = {
				ALWAYS_SEARCH_USER_PATHS = NO;
				CLANG_ANALYZER_NONNULL = YES;
				CLANG_ANALYZER_NUMBER_OBJECT_CONVERSION = YES_AGGRESSIVE;
				CLANG_CXX_LANGUAGE_STANDARD = "gnu++14";
				CLANG_CXX_LIBRARY = "libc++";
				CLANG_ENABLE_MODULES = YES;
				CLANG_ENABLE_OBJC_ARC = YES;
				CLANG_ENABLE_OBJC_WEAK = YES;
				CLANG_WARN_BLOCK_CAPTURE_AUTORELEASING = YES;
				CLANG_WARN_BOOL_CONVERSION = YES;
				CLANG_WARN_COMMA = YES;
				CLANG_WARN_CONSTANT_CONVERSION = YES;
				CLANG_WARN_DEPRECATED_OBJC_IMPLEMENTATIONS = YES;
				CLANG_WARN_DIRECT_OBJC_ISA_USAGE = YES_ERROR;
				CLANG_WARN_DOCUMENTATION_COMMENTS = YES;
				CLANG_WARN_EMPTY_BODY = YES;
				CLANG_WARN_ENUM_CONVERSION = YES;
				CLANG_WARN_INFINITE_RECURSION = YES;
				CLANG_WARN_INT_CONVERSION = YES;
				CLANG_WARN_NON_LITERAL_NULL_CONVERSION = YES;
				CLANG_WARN_OBJC_IMPLICIT_RETAIN_SELF = YES;
				CLANG_WARN_OBJC_LITERAL_CONVERSION = YES;
				CLANG_WARN_OBJC_ROOT_CLASS = YES_ERROR;
				CLANG_WARN_RANGE_LOOP_ANALYSIS = YES;
				CLANG_WARN_STRICT_PROTOTYPES = YES;
				CLANG_WARN_SUSPICIOUS_MOVE = YES;
				CLANG_WARN_UNGUARDED_AVAILABILITY = YES_AGGRESSIVE;
				CLANG_WARN_UNREACHABLE_CODE = YES;
				CLANG_WARN__DUPLICATE_METHOD_MATCH = YES;
				CODE_SIGN_IDENTITY = "iPhone Developer";
				COPY_PHASE_STRIP = NO;
				DEBUG_INFORMATION_FORMAT = dwarf;
				ENABLE_STRICT_OBJC_MSGSEND = YES;
				ENABLE_TESTABILITY = YES;
				GCC_C_LANGUAGE_STANDARD = gnu11;
				GCC_DYNAMIC_NO_PIC = NO;
				GCC_NO_COMMON_BLOCKS = YES;
				GCC_OPTIMIZATION_LEVEL = 0;
				GCC_PREPROCESSOR_DEFINITIONS = (
					"DEBUG=1",
					"$(inherited)",
				);
				GCC_WARN_64_TO_32_BIT_CONVERSION = YES;
				GCC_WARN_ABOUT_RETURN_TYPE = YES_ERROR;
				GCC_WARN_UNDECLARED_SELECTOR = YES;
				GCC_WARN_UNINITIALIZED_AUTOS = YES_AGGRESSIVE;
				GCC_WARN_UNUSED_FUNCTION = YES;
				GCC_WARN_UNUSED_VARIABLE = YES;
				IPHONEOS_DEPLOYMENT_TARGET = 11.3;
				MTL_ENABLE_DEBUG_INFO = YES;
				ONLY_ACTIVE_ARCH = YES;
				SDKROOT = iphoneos;
				SWIFT_ACTIVE_COMPILATION_CONDITIONS = DEBUG;
				SWIFT_OPTIMIZATION_LEVEL = "-Onone";
			};
			name = Debug;
		};
		1749EC9420B84B52008C8B3C /* Release */ = {
			isa = XCBuildConfiguration;
			buildSettings = {
				ALWAYS_SEARCH_USER_PATHS = NO;
				CLANG_ANALYZER_NONNULL = YES;
				CLANG_ANALYZER_NUMBER_OBJECT_CONVERSION = YES_AGGRESSIVE;
				CLANG_CXX_LANGUAGE_STANDARD = "gnu++14";
				CLANG_CXX_LIBRARY = "libc++";
				CLANG_ENABLE_MODULES = YES;
				CLANG_ENABLE_OBJC_ARC = YES;
				CLANG_ENABLE_OBJC_WEAK = YES;
				CLANG_WARN_BLOCK_CAPTURE_AUTORELEASING = YES;
				CLANG_WARN_BOOL_CONVERSION = YES;
				CLANG_WARN_COMMA = YES;
				CLANG_WARN_CONSTANT_CONVERSION = YES;
				CLANG_WARN_DEPRECATED_OBJC_IMPLEMENTATIONS = YES;
				CLANG_WARN_DIRECT_OBJC_ISA_USAGE = YES_ERROR;
				CLANG_WARN_DOCUMENTATION_COMMENTS = YES;
				CLANG_WARN_EMPTY_BODY = YES;
				CLANG_WARN_ENUM_CONVERSION = YES;
				CLANG_WARN_INFINITE_RECURSION = YES;
				CLANG_WARN_INT_CONVERSION = YES;
				CLANG_WARN_NON_LITERAL_NULL_CONVERSION = YES;
				CLANG_WARN_OBJC_IMPLICIT_RETAIN_SELF = YES;
				CLANG_WARN_OBJC_LITERAL_CONVERSION = YES;
				CLANG_WARN_OBJC_ROOT_CLASS = YES_ERROR;
				CLANG_WARN_RANGE_LOOP_ANALYSIS = YES;
				CLANG_WARN_STRICT_PROTOTYPES = YES;
				CLANG_WARN_SUSPICIOUS_MOVE = YES;
				CLANG_WARN_UNGUARDED_AVAILABILITY = YES_AGGRESSIVE;
				CLANG_WARN_UNREACHABLE_CODE = YES;
				CLANG_WARN__DUPLICATE_METHOD_MATCH = YES;
				CODE_SIGN_IDENTITY = "iPhone Developer";
				COPY_PHASE_STRIP = NO;
				DEBUG_INFORMATION_FORMAT = "dwarf-with-dsym";
				ENABLE_NS_ASSERTIONS = NO;
				ENABLE_STRICT_OBJC_MSGSEND = YES;
				GCC_C_LANGUAGE_STANDARD = gnu11;
				GCC_NO_COMMON_BLOCKS = YES;
				GCC_WARN_64_TO_32_BIT_CONVERSION = YES;
				GCC_WARN_ABOUT_RETURN_TYPE = YES_ERROR;
				GCC_WARN_UNDECLARED_SELECTOR = YES;
				GCC_WARN_UNINITIALIZED_AUTOS = YES_AGGRESSIVE;
				GCC_WARN_UNUSED_FUNCTION = YES;
				GCC_WARN_UNUSED_VARIABLE = YES;
				IPHONEOS_DEPLOYMENT_TARGET = 11.3;
				MTL_ENABLE_DEBUG_INFO = NO;
				SDKROOT = iphoneos;
				SWIFT_COMPILATION_MODE = wholemodule;
				SWIFT_OPTIMIZATION_LEVEL = "-O";
				VALIDATE_PRODUCT = YES;
			};
			name = Release;
		};
		1749EC9620B84B52008C8B3C /* Debug */ = {
			isa = XCBuildConfiguration;
			baseConfigurationReference = 3A24EF17721850EDE9328603 /* Pods-ImgurStarter.debug.xcconfig */;
			buildSettings = {
				ASSETCATALOG_COMPILER_APPICON_NAME = AppIcon;
				CODE_SIGN_STYLE = Automatic;
				DEVELOPMENT_TEAM = 25FD6XS46S;
				INFOPLIST_FILE = ImgurStarter/Info.plist;
				LD_RUNPATH_SEARCH_PATHS = (
					"$(inherited)",
					"@executable_path/Frameworks",
				);
				PRODUCT_BUNDLE_IDENTIFIER = com.wildcatproductions.ImgurStarter;
				PRODUCT_NAME = "$(TARGET_NAME)";
				SWIFT_VERSION = 4.2;
				TARGETED_DEVICE_FAMILY = "1,2";
			};
			name = Debug;
		};
		1749EC9720B84B52008C8B3C /* Release */ = {
			isa = XCBuildConfiguration;
			baseConfigurationReference = F491C11473D3E2D67E6354D7 /* Pods-ImgurStarter.release.xcconfig */;
			buildSettings = {
				ASSETCATALOG_COMPILER_APPICON_NAME = AppIcon;
				CODE_SIGN_STYLE = Automatic;
				DEVELOPMENT_TEAM = 25FD6XS46S;
				INFOPLIST_FILE = ImgurStarter/Info.plist;
				LD_RUNPATH_SEARCH_PATHS = (
					"$(inherited)",
					"@executable_path/Frameworks",
				);
				PRODUCT_BUNDLE_IDENTIFIER = com.wildcatproductions.ImgurStarter;
				PRODUCT_NAME = "$(TARGET_NAME)";
				SWIFT_VERSION = 4.2;
				TARGETED_DEVICE_FAMILY = "1,2";
			};
			name = Release;
		};
		1749EC9920B84B52008C8B3C /* Debug */ = {
			isa = XCBuildConfiguration;
			baseConfigurationReference = 39D4DE86DFE20C1A1A806D8F /* Pods-ImgurStarterTests.debug.xcconfig */;
			buildSettings = {
				ALWAYS_EMBED_SWIFT_STANDARD_LIBRARIES = YES;
				BUNDLE_LOADER = "$(TEST_HOST)";
				CODE_SIGN_STYLE = Automatic;
				DEVELOPMENT_TEAM = 25FD6XS46S;
				INFOPLIST_FILE = ImgurStarterTests/Info.plist;
				LD_RUNPATH_SEARCH_PATHS = (
					"$(inherited)",
					"@executable_path/Frameworks",
					"@loader_path/Frameworks",
				);
				PRODUCT_BUNDLE_IDENTIFIER = com.wildcatproductions.ImgurStarterTests;
				PRODUCT_NAME = "$(TARGET_NAME)";
				SWIFT_VERSION = 4.2;
				TARGETED_DEVICE_FAMILY = "1,2";
				TEST_HOST = "$(BUILT_PRODUCTS_DIR)/ImgurStarter.app/ImgurStarter";
			};
			name = Debug;
		};
		1749EC9A20B84B52008C8B3C /* Release */ = {
			isa = XCBuildConfiguration;
			baseConfigurationReference = 02C942A00478731364EEA871 /* Pods-ImgurStarterTests.release.xcconfig */;
			buildSettings = {
				ALWAYS_EMBED_SWIFT_STANDARD_LIBRARIES = YES;
				BUNDLE_LOADER = "$(TEST_HOST)";
				CODE_SIGN_STYLE = Automatic;
				DEVELOPMENT_TEAM = 25FD6XS46S;
				INFOPLIST_FILE = ImgurStarterTests/Info.plist;
				LD_RUNPATH_SEARCH_PATHS = (
					"$(inherited)",
					"@executable_path/Frameworks",
					"@loader_path/Frameworks",
				);
				PRODUCT_BUNDLE_IDENTIFIER = com.wildcatproductions.ImgurStarterTests;
				PRODUCT_NAME = "$(TARGET_NAME)";
				SWIFT_VERSION = 4.2;
				TARGETED_DEVICE_FAMILY = "1,2";
				TEST_HOST = "$(BUILT_PRODUCTS_DIR)/ImgurStarter.app/ImgurStarter";
			};
			name = Release;
		};
/* End XCBuildConfiguration section */

/* Begin XCConfigurationList section */
		1749EC7320B84B51008C8B3C /* Build configuration list for PBXProject "ImgurStarter" */ = {
			isa = XCConfigurationList;
			buildConfigurations = (
				1749EC9320B84B52008C8B3C /* Debug */,
				1749EC9420B84B52008C8B3C /* Release */,
			);
			defaultConfigurationIsVisible = 0;
			defaultConfigurationName = Release;
		};
		1749EC9520B84B52008C8B3C /* Build configuration list for PBXNativeTarget "ImgurStarter" */ = {
			isa = XCConfigurationList;
			buildConfigurations = (
				1749EC9620B84B52008C8B3C /* Debug */,
				1749EC9720B84B52008C8B3C /* Release */,
			);
			defaultConfigurationIsVisible = 0;
			defaultConfigurationName = Release;
		};
		1749EC9820B84B52008C8B3C /* Build configuration list for PBXNativeTarget "ImgurStarterTests" */ = {
			isa = XCConfigurationList;
			buildConfigurations = (
				1749EC9920B84B52008C8B3C /* Debug */,
				1749EC9A20B84B52008C8B3C /* Release */,
			);
			defaultConfigurationIsVisible = 0;
			defaultConfigurationName = Release;
		};
/* End XCConfigurationList section */
	};
	rootObject = 1749EC7020B84B51008C8B3C /* Project object */;
}
